
Microsoft Visual Studio Solution File, Format Version 12.00
# Visual Studio Version 17
VisualStudioVersion = 17.14.36327.8 d17.14
MinimumVisualStudioVersion = 10.0.40219.1
Project("{FAE04EC0-301F-11D3-BF4B-00C04F79EFBC}") = "MusicApplication", "MusicApplication\MusicApplication.csproj", "{4E6BD75E-0A41-4610-8E98-1177B1CC087D}"
EndProject
Project("{FAE04EC0-301F-11D3-BF4B-00C04F79EFBC}") = "MusicAppBackend", "MusicAppBackend\MusicAppBackend.csproj", "{62F1EDFC-E006-448A-A7BC-129ACFA1C5CD}"
EndProject
Global
	GlobalSection(SolutionConfigurationPlatforms) = preSolution
		Debug|Any CPU = Debug|Any CPU
		Release|Any CPU = Release|Any CPU
	EndGlobalSection
	GlobalSection(ProjectConfigurationPlatforms) = postSolution
		{4E6BD75E-0A41-4610-8E98-1177B1CC087D}.Debug|Any CPU.ActiveCfg = Debug|Any CPU
		{4E6BD75E-0A41-4610-8E98-1177B1CC087D}.Debug|Any CPU.Build.0 = Debug|Any CPU
		{4E6BD75E-0A41-4610-8E98-1177B1CC087D}.Debug|Any CPU.Deploy.0 = Debug|Any CPU
		{4E6BD75E-0A41-4610-8E98-1177B1CC087D}.Release|Any CPU.ActiveCfg = Release|Any CPU
		{4E6BD75E-0A41-4610-8E98-1177B1CC087D}.Release|Any CPU.Build.0 = Release|Any CPU
		{4E6BD75E-0A41-4610-8E98-1177B1CC087D}.Release|Any CPU.Deploy.0 = Release|Any CPU
		{62F1EDFC-E006-448A-A7BC-129ACFA1C5CD}.Debug|Any CPU.ActiveCfg = Debug|Any CPU
		{62F1EDFC-E006-448A-A7BC-129ACFA1C5CD}.Debug|Any CPU.Build.0 = Debug|Any CPU
		{62F1EDFC-E006-448A-A7BC-129ACFA1C5CD}.Release|Any CPU.ActiveCfg = Release|Any CPU
		{62F1EDFC-E006-448A-A7BC-129ACFA1C5CD}.Release|Any CPU.Build.0 = Release|Any CPU
	EndGlobalSection
	GlobalSection(SolutionProperties) = preSolution
		HideSolutionNode = FALSE
	EndGlobalSection
	GlobalSection(ExtensibilityGlobals) = postSolution
		SolutionGuid = {83C8B3FF-058B-4CCF-9050-8A066BDD51EB}
	EndGlobalSection
EndGlobal
